// !$*UTF8*$!
{
	archiveVersion = 1;
	classes = {
	};
	objectVersion = 50;
	objects = {

/* Begin PBXBuildFile section */
		3F4018D48D55EEEA930E11EA /* Pods_RefrigeratorRecipeRx.framework in Frameworks */ = {isa = PBXBuildFile; fileRef = F58B093900790E3F3F1D39F3 /* Pods_RefrigeratorRecipeRx.framework */; };
		59A99FDF2270A7F500F63A3B /* ExpirationListViewCell.xib in Resources */ = {isa = PBXBuildFile; fileRef = 59A99FDE2270A7F500F63A3B /* ExpirationListViewCell.xib */; };
		59A99FE12270ABAF00F63A3B /* ExpirationListViewCell.swift in Sources */ = {isa = PBXBuildFile; fileRef = 59A99FE02270ABAF00F63A3B /* ExpirationListViewCell.swift */; };
		59A99FE32270AE7A00F63A3B /* TabBarController.swift in Sources */ = {isa = PBXBuildFile; fileRef = 59A99FE22270AE7A00F63A3B /* TabBarController.swift */; };
		59A99FE42270B2B300F63A3B /* TabBarController.storyboard in Resources */ = {isa = PBXBuildFile; fileRef = 59A99FCA2270A68700F63A3B /* TabBarController.storyboard */; };
		59A99FE52270B32B00F63A3B /* ExpirationListView.storyboard in Resources */ = {isa = PBXBuildFile; fileRef = 59A99FC92270A68700F63A3B /* ExpirationListView.storyboard */; };
		59A99FE72270B4CD00F63A3B /* ExpirationListViewController.swift in Sources */ = {isa = PBXBuildFile; fileRef = 59A99FE62270B4CD00F63A3B /* ExpirationListViewController.swift */; };
		59A99FE9227733AA00F63A3B /* ExpirationListPresenter.swift in Sources */ = {isa = PBXBuildFile; fileRef = 59A99FE8227733AA00F63A3B /* ExpirationListPresenter.swift */; };
		59A99FED22773A9100F63A3B /* ExpirationListBuilder.swift in Sources */ = {isa = PBXBuildFile; fileRef = 59A99FEC22773A9100F63A3B /* ExpirationListBuilder.swift */; };
		59A99FF02277440900F63A3B /* ExpirationListWireframe.swift in Sources */ = {isa = PBXBuildFile; fileRef = 59A99FEF2277440900F63A3B /* ExpirationListWireframe.swift */; };
		59A99FF222792E5800F63A3B /* ExpirationListViewModel.swift in Sources */ = {isa = PBXBuildFile; fileRef = 59A99FF122792E5800F63A3B /* ExpirationListViewModel.swift */; };
		59A99FF422792F4900F63A3B /* ExpirationListModel.swift in Sources */ = {isa = PBXBuildFile; fileRef = 59A99FF322792F4900F63A3B /* ExpirationListModel.swift */; };
		59BCE6CB226F55DE00011595 /* AppDelegate.swift in Sources */ = {isa = PBXBuildFile; fileRef = 59BCE6CA226F55DE00011595 /* AppDelegate.swift */; };
		59BCE6CD226F55DE00011595 /* ViewController.swift in Sources */ = {isa = PBXBuildFile; fileRef = 59BCE6CC226F55DE00011595 /* ViewController.swift */; };
		59BCE6D2226F55DF00011595 /* Assets.xcassets in Resources */ = {isa = PBXBuildFile; fileRef = 59BCE6D1226F55DF00011595 /* Assets.xcassets */; };
		59BCE6D5226F55DF00011595 /* LaunchScreen.storyboard in Resources */ = {isa = PBXBuildFile; fileRef = 59BCE6D3226F55DF00011595 /* LaunchScreen.storyboard */; };
		59BCE6E0226F55DF00011595 /* RefrigeratorRecipeRxTests.swift in Sources */ = {isa = PBXBuildFile; fileRef = 59BCE6DF226F55DF00011595 /* RefrigeratorRecipeRxTests.swift */; };
		FFFCEA12ED73DC5D6B355CC3 /* Pods_RefrigeratorRecipeRxTests.framework in Frameworks */ = {isa = PBXBuildFile; fileRef = 3F13AFF5C6A9D8B60E157D30 /* Pods_RefrigeratorRecipeRxTests.framework */; };
/* End PBXBuildFile section */

/* Begin PBXContainerItemProxy section */
		59BCE6DC226F55DF00011595 /* PBXContainerItemProxy */ = {
			isa = PBXContainerItemProxy;
			containerPortal = 59BCE6BF226F55DE00011595 /* Project object */;
			proxyType = 1;
			remoteGlobalIDString = 59BCE6C6226F55DE00011595;
			remoteInfo = RefrigeratorRecipeRx;
		};
/* End PBXContainerItemProxy section */

/* Begin PBXFileReference section */
		1D42A9167D9D12361308AB08 /* Pods-RefrigeratorRecipeRx.release.xcconfig */ = {isa = PBXFileReference; includeInIndex = 1; lastKnownFileType = text.xcconfig; name = "Pods-RefrigeratorRecipeRx.release.xcconfig"; path = "Pods/Target Support Files/Pods-RefrigeratorRecipeRx/Pods-RefrigeratorRecipeRx.release.xcconfig"; sourceTree = "<group>"; };
		3F13AFF5C6A9D8B60E157D30 /* Pods_RefrigeratorRecipeRxTests.framework */ = {isa = PBXFileReference; explicitFileType = wrapper.framework; includeInIndex = 0; path = Pods_RefrigeratorRecipeRxTests.framework; sourceTree = BUILT_PRODUCTS_DIR; };
		41E414C7DD6A2F3D17F9D35A /* Pods-RefrigeratorRecipeRxTests.debug.xcconfig */ = {isa = PBXFileReference; includeInIndex = 1; lastKnownFileType = text.xcconfig; name = "Pods-RefrigeratorRecipeRxTests.debug.xcconfig"; path = "Pods/Target Support Files/Pods-RefrigeratorRecipeRxTests/Pods-RefrigeratorRecipeRxTests.debug.xcconfig"; sourceTree = "<group>"; };
		59A99FC92270A68700F63A3B /* ExpirationListView.storyboard */ = {isa = PBXFileReference; lastKnownFileType = file.storyboard; path = ExpirationListView.storyboard; sourceTree = "<group>"; };
		59A99FCA2270A68700F63A3B /* TabBarController.storyboard */ = {isa = PBXFileReference; lastKnownFileType = file.storyboard; path = TabBarController.storyboard; sourceTree = "<group>"; };
		59A99FDE2270A7F500F63A3B /* ExpirationListViewCell.xib */ = {isa = PBXFileReference; lastKnownFileType = file.xib; path = ExpirationListViewCell.xib; sourceTree = "<group>"; };
		59A99FE02270ABAF00F63A3B /* ExpirationListViewCell.swift */ = {isa = PBXFileReference; lastKnownFileType = sourcecode.swift; path = ExpirationListViewCell.swift; sourceTree = "<group>"; };
		59A99FE22270AE7A00F63A3B /* TabBarController.swift */ = {isa = PBXFileReference; lastKnownFileType = sourcecode.swift; path = TabBarController.swift; sourceTree = "<group>"; };
		59A99FE62270B4CD00F63A3B /* ExpirationListViewController.swift */ = {isa = PBXFileReference; lastKnownFileType = sourcecode.swift; path = ExpirationListViewController.swift; sourceTree = "<group>"; };
		59A99FE8227733AA00F63A3B /* ExpirationListPresenter.swift */ = {isa = PBXFileReference; lastKnownFileType = sourcecode.swift; path = ExpirationListPresenter.swift; sourceTree = "<group>"; };
		59A99FEC22773A9100F63A3B /* ExpirationListBuilder.swift */ = {isa = PBXFileReference; lastKnownFileType = sourcecode.swift; path = ExpirationListBuilder.swift; sourceTree = "<group>"; };
		59A99FEF2277440900F63A3B /* ExpirationListWireframe.swift */ = {isa = PBXFileReference; lastKnownFileType = sourcecode.swift; path = ExpirationListWireframe.swift; sourceTree = "<group>"; };
		59A99FF122792E5800F63A3B /* ExpirationListViewModel.swift */ = {isa = PBXFileReference; lastKnownFileType = sourcecode.swift; path = ExpirationListViewModel.swift; sourceTree = "<group>"; };
		59A99FF322792F4900F63A3B /* ExpirationListModel.swift */ = {isa = PBXFileReference; lastKnownFileType = sourcecode.swift; path = ExpirationListModel.swift; sourceTree = "<group>"; };
		59BCE6C7226F55DE00011595 /* RefrigeratorRecipeRx.app */ = {isa = PBXFileReference; explicitFileType = wrapper.application; includeInIndex = 0; path = RefrigeratorRecipeRx.app; sourceTree = BUILT_PRODUCTS_DIR; };
		59BCE6CA226F55DE00011595 /* AppDelegate.swift */ = {isa = PBXFileReference; lastKnownFileType = sourcecode.swift; path = AppDelegate.swift; sourceTree = "<group>"; };
		59BCE6CC226F55DE00011595 /* ViewController.swift */ = {isa = PBXFileReference; lastKnownFileType = sourcecode.swift; path = ViewController.swift; sourceTree = "<group>"; };
		59BCE6D1226F55DF00011595 /* Assets.xcassets */ = {isa = PBXFileReference; lastKnownFileType = folder.assetcatalog; path = Assets.xcassets; sourceTree = "<group>"; };
		59BCE6D4226F55DF00011595 /* Base */ = {isa = PBXFileReference; lastKnownFileType = file.storyboard; name = Base; path = Base.lproj/LaunchScreen.storyboard; sourceTree = "<group>"; };
		59BCE6D6226F55DF00011595 /* Info.plist */ = {isa = PBXFileReference; lastKnownFileType = text.plist.xml; path = Info.plist; sourceTree = "<group>"; };
		59BCE6DB226F55DF00011595 /* RefrigeratorRecipeRxTests.xctest */ = {isa = PBXFileReference; explicitFileType = wrapper.cfbundle; includeInIndex = 0; path = RefrigeratorRecipeRxTests.xctest; sourceTree = BUILT_PRODUCTS_DIR; };
		59BCE6DF226F55DF00011595 /* RefrigeratorRecipeRxTests.swift */ = {isa = PBXFileReference; lastKnownFileType = sourcecode.swift; path = RefrigeratorRecipeRxTests.swift; sourceTree = "<group>"; };
		59BCE6E1226F55DF00011595 /* Info.plist */ = {isa = PBXFileReference; lastKnownFileType = text.plist.xml; path = Info.plist; sourceTree = "<group>"; };
		7DA9AA47CC3D7155CA1DD6D6 /* Pods-RefrigeratorRecipeRx.debug.xcconfig */ = {isa = PBXFileReference; includeInIndex = 1; lastKnownFileType = text.xcconfig; name = "Pods-RefrigeratorRecipeRx.debug.xcconfig"; path = "Pods/Target Support Files/Pods-RefrigeratorRecipeRx/Pods-RefrigeratorRecipeRx.debug.xcconfig"; sourceTree = "<group>"; };
		A62EBB241C8B94E4C804756F /* Pods-RefrigeratorRecipeRxTests.release.xcconfig */ = {isa = PBXFileReference; includeInIndex = 1; lastKnownFileType = text.xcconfig; name = "Pods-RefrigeratorRecipeRxTests.release.xcconfig"; path = "Pods/Target Support Files/Pods-RefrigeratorRecipeRxTests/Pods-RefrigeratorRecipeRxTests.release.xcconfig"; sourceTree = "<group>"; };
		F58B093900790E3F3F1D39F3 /* Pods_RefrigeratorRecipeRx.framework */ = {isa = PBXFileReference; explicitFileType = wrapper.framework; includeInIndex = 0; path = Pods_RefrigeratorRecipeRx.framework; sourceTree = BUILT_PRODUCTS_DIR; };
/* End PBXFileReference section */

/* Begin PBXFrameworksBuildPhase section */
		59BCE6C4226F55DE00011595 /* Frameworks */ = {
			isa = PBXFrameworksBuildPhase;
			buildActionMask = 2147483647;
			files = (
				3F4018D48D55EEEA930E11EA /* Pods_RefrigeratorRecipeRx.framework in Frameworks */,
			);
			runOnlyForDeploymentPostprocessing = 0;
		};
		59BCE6D8226F55DF00011595 /* Frameworks */ = {
			isa = PBXFrameworksBuildPhase;
			buildActionMask = 2147483647;
			files = (
				FFFCEA12ED73DC5D6B355CC3 /* Pods_RefrigeratorRecipeRxTests.framework in Frameworks */,
			);
			runOnlyForDeploymentPostprocessing = 0;
		};
/* End PBXFrameworksBuildPhase section */

/* Begin PBXGroup section */
		092B8FE9769D7CCC9DF6A3F5 /* Frameworks */ = {
			isa = PBXGroup;
			children = (
				F58B093900790E3F3F1D39F3 /* Pods_RefrigeratorRecipeRx.framework */,
				3F13AFF5C6A9D8B60E157D30 /* Pods_RefrigeratorRecipeRxTests.framework */,
			);
			name = Frameworks;
			sourceTree = "<group>";
		};
		59A99FCC2270A6B700F63A3B /* Date */ = {
			isa = PBXGroup;
			children = (
				59A99FCD2270A6C600F63A3B /* DateStore */,
				59A99FCE2270A6CA00F63A3B /* Entity */,
				59A99FCF2270A6CF00F63A3B /* Network */,
			);
			path = Date;
			sourceTree = "<group>";
		};
		59A99FCD2270A6C600F63A3B /* DateStore */ = {
			isa = PBXGroup;
			children = (
			);
			path = DateStore;
			sourceTree = "<group>";
		};
		59A99FCE2270A6CA00F63A3B /* Entity */ = {
			isa = PBXGroup;
			children = (
			);
			path = Entity;
			sourceTree = "<group>";
		};
		59A99FCF2270A6CF00F63A3B /* Network */ = {
			isa = PBXGroup;
			children = (
			);
			path = Network;
			sourceTree = "<group>";
		};
		59A99FD02270A6DA00F63A3B /* Domain */ = {
			isa = PBXGroup;
			children = (
				59A99FD12270A6DE00F63A3B /* Model */,
				59A99FD22270A6E600F63A3B /* Repository */,
				59A99FD32270A6EB00F63A3B /* UseCase */,
			);
			path = Domain;
			sourceTree = "<group>";
		};
		59A99FD12270A6DE00F63A3B /* Model */ = {
			isa = PBXGroup;
			children = (
				59A99FF322792F4900F63A3B /* ExpirationListModel.swift */,
			);
			path = Model;
			sourceTree = "<group>";
		};
		59A99FD22270A6E600F63A3B /* Repository */ = {
			isa = PBXGroup;
			children = (
			);
			path = Repository;
			sourceTree = "<group>";
		};
		59A99FD32270A6EB00F63A3B /* UseCase */ = {
			isa = PBXGroup;
			children = (
				59A99FF5227931A400F63A3B /* Translater */,
			);
			path = UseCase;
			sourceTree = "<group>";
		};
		59A99FD42270A6F000F63A3B /* Presentation */ = {
			isa = PBXGroup;
			children = (
				59A99FD52270A70300F63A3B /* Presenter */,
				59A99FD62270A70800F63A3B /* UI */,
			);
			path = Presentation;
			sourceTree = "<group>";
		};
		59A99FD52270A70300F63A3B /* Presenter */ = {
			isa = PBXGroup;
			children = (
				59A99FE8227733AA00F63A3B /* ExpirationListPresenter.swift */,
			);
			path = Presenter;
			sourceTree = "<group>";
		};
		59A99FD62270A70800F63A3B /* UI */ = {
			isa = PBXGroup;
			children = (
				59A99FD72270A70D00F63A3B /* Cell */,
				59A99FD82270A71100F63A3B /* View */,
				59A99FD92270A71500F63A3B /* ViewController */,
				59A99FDA2270A71B00F63A3B /* ViewModel */,
			);
			path = UI;
			sourceTree = "<group>";
		};
		59A99FD72270A70D00F63A3B /* Cell */ = {
			isa = PBXGroup;
			children = (
				59A99FDE2270A7F500F63A3B /* ExpirationListViewCell.xib */,
				59A99FE02270ABAF00F63A3B /* ExpirationListViewCell.swift */,
			);
			path = Cell;
			sourceTree = "<group>";
		};
		59A99FD82270A71100F63A3B /* View */ = {
			isa = PBXGroup;
			children = (
				59A99FC92270A68700F63A3B /* ExpirationListView.storyboard */,
				59A99FCA2270A68700F63A3B /* TabBarController.storyboard */,
				59A99FE22270AE7A00F63A3B /* TabBarController.swift */,
			);
			name = View;
			sourceTree = "<group>";
		};
		59A99FD92270A71500F63A3B /* ViewController */ = {
			isa = PBXGroup;
			children = (
				59A99FE62270B4CD00F63A3B /* ExpirationListViewController.swift */,
			);
			path = ViewController;
			sourceTree = "<group>";
		};
		59A99FDA2270A71B00F63A3B /* ViewModel */ = {
			isa = PBXGroup;
			children = (
				59A99FF122792E5800F63A3B /* ExpirationListViewModel.swift */,
			);
			path = ViewModel;
			sourceTree = "<group>";
		};
		59A99FDB2270A72600F63A3B /* Util */ = {
			isa = PBXGroup;
			children = (
				59A99FDC2270A72A00F63A3B /* Error */,
				59A99FDD2270A72F00F63A3B /* Shared */,
			);
			path = Util;
			sourceTree = "<group>";
		};
		59A99FDC2270A72A00F63A3B /* Error */ = {
			isa = PBXGroup;
			children = (
			);
			path = Error;
			sourceTree = "<group>";
		};
		59A99FDD2270A72F00F63A3B /* Shared */ = {
			isa = PBXGroup;
			children = (
			);
			path = Shared;
			sourceTree = "<group>";
		};
		59A99FEA2277389200F63A3B /* Application */ = {
			isa = PBXGroup;
			children = (
				59A99FEE227743BB00F63A3B /* Wireframe */,
				59A99FEB22773A7900F63A3B /* Builder */,
			);
			path = Application;
			sourceTree = "<group>";
		};
		59A99FEB22773A7900F63A3B /* Builder */ = {
			isa = PBXGroup;
			children = (
				59A99FEC22773A9100F63A3B /* ExpirationListBuilder.swift */,
			);
			path = Builder;
			sourceTree = "<group>";
		};
		59A99FEE227743BB00F63A3B /* Wireframe */ = {
			isa = PBXGroup;
			children = (
				59A99FEF2277440900F63A3B /* ExpirationListWireframe.swift */,
			);
			path = Wireframe;
			sourceTree = "<group>";
		};
		59A99FF5227931A400F63A3B /* Translater */ = {
			isa = PBXGroup;
			children = (
			);
			path = Translater;
			sourceTree = "<group>";
		};
		59BCE6BE226F55DE00011595 = {
			isa = PBXGroup;
			children = (
				59BCE6C9226F55DE00011595 /* RefrigeratorRecipeRx */,
				59BCE6DE226F55DF00011595 /* RefrigeratorRecipeRxTests */,
				59BCE6C8226F55DE00011595 /* Products */,
				FE251325CFF22E8591897C54 /* Pods */,
				092B8FE9769D7CCC9DF6A3F5 /* Frameworks */,
			);
			sourceTree = "<group>";
		};
		59BCE6C8226F55DE00011595 /* Products */ = {
			isa = PBXGroup;
			children = (
				59BCE6C7226F55DE00011595 /* RefrigeratorRecipeRx.app */,
				59BCE6DB226F55DF00011595 /* RefrigeratorRecipeRxTests.xctest */,
			);
			name = Products;
			sourceTree = "<group>";
		};
		59BCE6C9226F55DE00011595 /* RefrigeratorRecipeRx */ = {
			isa = PBXGroup;
			children = (
				59A99FEA2277389200F63A3B /* Application */,
				59BCE6CA226F55DE00011595 /* AppDelegate.swift */,
				59BCE6D1226F55DF00011595 /* Assets.xcassets */,
				59A99FCC2270A6B700F63A3B /* Date */,
				59A99FD02270A6DA00F63A3B /* Domain */,
				59BCE6D6226F55DF00011595 /* Info.plist */,
				59BCE6D3226F55DF00011595 /* LaunchScreen.storyboard */,
				59A99FD42270A6F000F63A3B /* Presentation */,
				59A99FDB2270A72600F63A3B /* Util */,
				59BCE6CC226F55DE00011595 /* ViewController.swift */,
			);
			path = RefrigeratorRecipeRx;
			sourceTree = "<group>";
		};
		59BCE6DE226F55DF00011595 /* RefrigeratorRecipeRxTests */ = {
			isa = PBXGroup;
			children = (
				59BCE6DF226F55DF00011595 /* RefrigeratorRecipeRxTests.swift */,
				59BCE6E1226F55DF00011595 /* Info.plist */,
			);
			path = RefrigeratorRecipeRxTests;
			sourceTree = "<group>";
		};
		FE251325CFF22E8591897C54 /* Pods */ = {
			isa = PBXGroup;
			children = (
				7DA9AA47CC3D7155CA1DD6D6 /* Pods-RefrigeratorRecipeRx.debug.xcconfig */,
				1D42A9167D9D12361308AB08 /* Pods-RefrigeratorRecipeRx.release.xcconfig */,
				41E414C7DD6A2F3D17F9D35A /* Pods-RefrigeratorRecipeRxTests.debug.xcconfig */,
				A62EBB241C8B94E4C804756F /* Pods-RefrigeratorRecipeRxTests.release.xcconfig */,
			);
			name = Pods;
			sourceTree = "<group>";
		};
/* End PBXGroup section */

/* Begin PBXNativeTarget section */
		59BCE6C6226F55DE00011595 /* RefrigeratorRecipeRx */ = {
			isa = PBXNativeTarget;
			buildConfigurationList = 59BCE6E4226F55DF00011595 /* Build configuration list for PBXNativeTarget "RefrigeratorRecipeRx" */;
			buildPhases = (
				5C66C80532DE3CC6F2A858A1 /* [CP] Check Pods Manifest.lock */,
				59BCE6C3226F55DE00011595 /* Sources */,
				59BCE6C4226F55DE00011595 /* Frameworks */,
				59BCE6C5226F55DE00011595 /* Resources */,
				1C359BD7A16DF37EFA654D20 /* [CP] Embed Pods Frameworks */,
			);
			buildRules = (
			);
			dependencies = (
			);
			name = RefrigeratorRecipeRx;
			productName = RefrigeratorRecipeRx;
			productReference = 59BCE6C7226F55DE00011595 /* RefrigeratorRecipeRx.app */;
			productType = "com.apple.product-type.application";
		};
		59BCE6DA226F55DF00011595 /* RefrigeratorRecipeRxTests */ = {
			isa = PBXNativeTarget;
			buildConfigurationList = 59BCE6E7226F55DF00011595 /* Build configuration list for PBXNativeTarget "RefrigeratorRecipeRxTests" */;
			buildPhases = (
				C892338259639251B0508621 /* [CP] Check Pods Manifest.lock */,
				59BCE6D7226F55DF00011595 /* Sources */,
				59BCE6D8226F55DF00011595 /* Frameworks */,
				59BCE6D9226F55DF00011595 /* Resources */,
			);
			buildRules = (
			);
			dependencies = (
				59BCE6DD226F55DF00011595 /* PBXTargetDependency */,
			);
			name = RefrigeratorRecipeRxTests;
			productName = RefrigeratorRecipeRxTests;
			productReference = 59BCE6DB226F55DF00011595 /* RefrigeratorRecipeRxTests.xctest */;
			productType = "com.apple.product-type.bundle.unit-test";
		};
/* End PBXNativeTarget section */

/* Begin PBXProject section */
		59BCE6BF226F55DE00011595 /* Project object */ = {
			isa = PBXProject;
			attributes = {
				LastSwiftUpdateCheck = 1020;
				LastUpgradeCheck = 1020;
				ORGANIZATIONNAME = "Yuta Ike";
				TargetAttributes = {
					59BCE6C6226F55DE00011595 = {
						CreatedOnToolsVersion = 10.2.1;
					};
					59BCE6DA226F55DF00011595 = {
						CreatedOnToolsVersion = 10.2.1;
						TestTargetID = 59BCE6C6226F55DE00011595;
					};
				};
			};
			buildConfigurationList = 59BCE6C2226F55DE00011595 /* Build configuration list for PBXProject "RefrigeratorRecipeRx" */;
			compatibilityVersion = "Xcode 9.3";
			developmentRegion = en;
			hasScannedForEncodings = 0;
			knownRegions = (
				en,
				Base,
			);
			mainGroup = 59BCE6BE226F55DE00011595;
			productRefGroup = 59BCE6C8226F55DE00011595 /* Products */;
			projectDirPath = "";
			projectRoot = "";
			targets = (
				59BCE6C6226F55DE00011595 /* RefrigeratorRecipeRx */,
				59BCE6DA226F55DF00011595 /* RefrigeratorRecipeRxTests */,
			);
		};
/* End PBXProject section */

/* Begin PBXResourcesBuildPhase section */
		59BCE6C5226F55DE00011595 /* Resources */ = {
			isa = PBXResourcesBuildPhase;
			buildActionMask = 2147483647;
			files = (
				59BCE6D5226F55DF00011595 /* LaunchScreen.storyboard in Resources */,
				59A99FE52270B32B00F63A3B /* ExpirationListView.storyboard in Resources */,
				59A99FDF2270A7F500F63A3B /* ExpirationListViewCell.xib in Resources */,
				59A99FE42270B2B300F63A3B /* TabBarController.storyboard in Resources */,
				59BCE6D2226F55DF00011595 /* Assets.xcassets in Resources */,
			);
			runOnlyForDeploymentPostprocessing = 0;
		};
		59BCE6D9226F55DF00011595 /* Resources */ = {
			isa = PBXResourcesBuildPhase;
			buildActionMask = 2147483647;
			files = (
			);
			runOnlyForDeploymentPostprocessing = 0;
		};
/* End PBXResourcesBuildPhase section */

/* Begin PBXShellScriptBuildPhase section */
		1C359BD7A16DF37EFA654D20 /* [CP] Embed Pods Frameworks */ = {
			isa = PBXShellScriptBuildPhase;
			buildActionMask = 2147483647;
			files = (
			);
			inputFileListPaths = (
			);
			inputPaths = (
				"${SRCROOT}/Pods/Target Support Files/Pods-RefrigeratorRecipeRx/Pods-RefrigeratorRecipeRx-frameworks.sh",
				"${BUILT_PRODUCTS_DIR}/Realm/Realm.framework",
				"${BUILT_PRODUCTS_DIR}/RealmSwift/RealmSwift.framework",
				"${BUILT_PRODUCTS_DIR}/RxAtomic/RxAtomic.framework",
				"${BUILT_PRODUCTS_DIR}/RxCocoa/RxCocoa.framework",
				"${BUILT_PRODUCTS_DIR}/RxSwift/RxSwift.framework",
			);
			name = "[CP] Embed Pods Frameworks";
			outputFileListPaths = (
			);
			outputPaths = (
				"${TARGET_BUILD_DIR}/${FRAMEWORKS_FOLDER_PATH}/Realm.framework",
				"${TARGET_BUILD_DIR}/${FRAMEWORKS_FOLDER_PATH}/RealmSwift.framework",
				"${TARGET_BUILD_DIR}/${FRAMEWORKS_FOLDER_PATH}/RxAtomic.framework",
				"${TARGET_BUILD_DIR}/${FRAMEWORKS_FOLDER_PATH}/RxCocoa.framework",
				"${TARGET_BUILD_DIR}/${FRAMEWORKS_FOLDER_PATH}/RxSwift.framework",
			);
			runOnlyForDeploymentPostprocessing = 0;
			shellPath = /bin/sh;
			shellScript = "\"${SRCROOT}/Pods/Target Support Files/Pods-RefrigeratorRecipeRx/Pods-RefrigeratorRecipeRx-frameworks.sh\"\n";
			showEnvVarsInLog = 0;
		};
		5C66C80532DE3CC6F2A858A1 /* [CP] Check Pods Manifest.lock */ = {
			isa = PBXShellScriptBuildPhase;
			buildActionMask = 2147483647;
			files = (
			);
			inputFileListPaths = (
			);
			inputPaths = (
				"${PODS_PODFILE_DIR_PATH}/Podfile.lock",
				"${PODS_ROOT}/Manifest.lock",
			);
			name = "[CP] Check Pods Manifest.lock";
			outputFileListPaths = (
			);
			outputPaths = (
				"$(DERIVED_FILE_DIR)/Pods-RefrigeratorRecipeRx-checkManifestLockResult.txt",
			);
			runOnlyForDeploymentPostprocessing = 0;
			shellPath = /bin/sh;
			shellScript = "diff \"${PODS_PODFILE_DIR_PATH}/Podfile.lock\" \"${PODS_ROOT}/Manifest.lock\" > /dev/null\nif [ $? != 0 ] ; then\n    # print error to STDERR\n    echo \"error: The sandbox is not in sync with the Podfile.lock. Run 'pod install' or update your CocoaPods installation.\" >&2\n    exit 1\nfi\n# This output is used by Xcode 'outputs' to avoid re-running this script phase.\necho \"SUCCESS\" > \"${SCRIPT_OUTPUT_FILE_0}\"\n";
			showEnvVarsInLog = 0;
		};
		C892338259639251B0508621 /* [CP] Check Pods Manifest.lock */ = {
			isa = PBXShellScriptBuildPhase;
			buildActionMask = 2147483647;
			files = (
			);
			inputFileListPaths = (
			);
			inputPaths = (
				"${PODS_PODFILE_DIR_PATH}/Podfile.lock",
				"${PODS_ROOT}/Manifest.lock",
			);
			name = "[CP] Check Pods Manifest.lock";
			outputFileListPaths = (
			);
			outputPaths = (
				"$(DERIVED_FILE_DIR)/Pods-RefrigeratorRecipeRxTests-checkManifestLockResult.txt",
			);
			runOnlyForDeploymentPostprocessing = 0;
			shellPath = /bin/sh;
			shellScript = "diff \"${PODS_PODFILE_DIR_PATH}/Podfile.lock\" \"${PODS_ROOT}/Manifest.lock\" > /dev/null\nif [ $? != 0 ] ; then\n    # print error to STDERR\n    echo \"error: The sandbox is not in sync with the Podfile.lock. Run 'pod install' or update your CocoaPods installation.\" >&2\n    exit 1\nfi\n# This output is used by Xcode 'outputs' to avoid re-running this script phase.\necho \"SUCCESS\" > \"${SCRIPT_OUTPUT_FILE_0}\"\n";
			showEnvVarsInLog = 0;
		};
/* End PBXShellScriptBuildPhase section */

/* Begin PBXSourcesBuildPhase section */
		59BCE6C3226F55DE00011595 /* Sources */ = {
			isa = PBXSourcesBuildPhase;
			buildActionMask = 2147483647;
			files = (
				59A99FF422792F4900F63A3B /* ExpirationListModel.swift in Sources */,
				59A99FE72270B4CD00F63A3B /* ExpirationListViewController.swift in Sources */,
				59A99FF02277440900F63A3B /* ExpirationListWireframe.swift in Sources */,
				59BCE6CD226F55DE00011595 /* ViewController.swift in Sources */,
				59A99FE32270AE7A00F63A3B /* TabBarController.swift in Sources */,
				59A99FE9227733AA00F63A3B /* ExpirationListPresenter.swift in Sources */,
				59A99FF222792E5800F63A3B /* ExpirationListViewModel.swift in Sources */,
				59BCE6CB226F55DE00011595 /* AppDelegate.swift in Sources */,
				59A99FE12270ABAF00F63A3B /* ExpirationListViewCell.swift in Sources */,
				59A99FED22773A9100F63A3B /* ExpirationListBuilder.swift in Sources */,
			);
			runOnlyForDeploymentPostprocessing = 0;
		};
		59BCE6D7226F55DF00011595 /* Sources */ = {
			isa = PBXSourcesBuildPhase;
			buildActionMask = 2147483647;
			files = (
				59BCE6E0226F55DF00011595 /* RefrigeratorRecipeRxTests.swift in Sources */,
			);
			runOnlyForDeploymentPostprocessing = 0;
		};
/* End PBXSourcesBuildPhase section */

/* Begin PBXTargetDependency section */
		59BCE6DD226F55DF00011595 /* PBXTargetDependency */ = {
			isa = PBXTargetDependency;
			target = 59BCE6C6226F55DE00011595 /* RefrigeratorRecipeRx */;
			targetProxy = 59BCE6DC226F55DF00011595 /* PBXContainerItemProxy */;
		};
/* End PBXTargetDependency section */

/* Begin PBXVariantGroup section */
		59BCE6D3226F55DF00011595 /* LaunchScreen.storyboard */ = {
			isa = PBXVariantGroup;
			children = (
				59BCE6D4226F55DF00011595 /* Base */,
			);
			name = LaunchScreen.storyboard;
			sourceTree = "<group>";
		};
/* End PBXVariantGroup section */

/* Begin XCBuildConfiguration section */
		59BCE6E2226F55DF00011595 /* Debug */ = {
			isa = XCBuildConfiguration;
			buildSettings = {
				ALWAYS_SEARCH_USER_PATHS = NO;
				CLANG_ANALYZER_NONNULL = YES;
				CLANG_ANALYZER_NUMBER_OBJECT_CONVERSION = YES_AGGRESSIVE;
				CLANG_CXX_LANGUAGE_STANDARD = "gnu++14";
				CLANG_CXX_LIBRARY = "libc++";
				CLANG_ENABLE_MODULES = YES;
				CLANG_ENABLE_OBJC_ARC = YES;
				CLANG_ENABLE_OBJC_WEAK = YES;
				CLANG_WARN_BLOCK_CAPTURE_AUTORELEASING = YES;
				CLANG_WARN_BOOL_CONVERSION = YES;
				CLANG_WARN_COMMA = YES;
				CLANG_WARN_CONSTANT_CONVERSION = YES;
				CLANG_WARN_DEPRECATED_OBJC_IMPLEMENTATIONS = YES;
				CLANG_WARN_DIRECT_OBJC_ISA_USAGE = YES_ERROR;
				CLANG_WARN_DOCUMENTATION_COMMENTS = YES;
				CLANG_WARN_EMPTY_BODY = YES;
				CLANG_WARN_ENUM_CONVERSION = YES;
				CLANG_WARN_INFINITE_RECURSION = YES;
				CLANG_WARN_INT_CONVERSION = YES;
				CLANG_WARN_NON_LITERAL_NULL_CONVERSION = YES;
				CLANG_WARN_OBJC_IMPLICIT_RETAIN_SELF = YES;
				CLANG_WARN_OBJC_LITERAL_CONVERSION = YES;
				CLANG_WARN_OBJC_ROOT_CLASS = YES_ERROR;
				CLANG_WARN_RANGE_LOOP_ANALYSIS = YES;
				CLANG_WARN_STRICT_PROTOTYPES = YES;
				CLANG_WARN_SUSPICIOUS_MOVE = YES;
				CLANG_WARN_UNGUARDED_AVAILABILITY = YES_AGGRESSIVE;
				CLANG_WARN_UNREACHABLE_CODE = YES;
				CLANG_WARN__DUPLICATE_METHOD_MATCH = YES;
				CODE_SIGN_IDENTITY = "iPhone Developer";
				COPY_PHASE_STRIP = NO;
				DEBUG_INFORMATION_FORMAT = dwarf;
				ENABLE_STRICT_OBJC_MSGSEND = YES;
				ENABLE_TESTABILITY = YES;
				GCC_C_LANGUAGE_STANDARD = gnu11;
				GCC_DYNAMIC_NO_PIC = NO;
				GCC_NO_COMMON_BLOCKS = YES;
				GCC_OPTIMIZATION_LEVEL = 0;
				GCC_PREPROCESSOR_DEFINITIONS = (
					"DEBUG=1",
					"$(inherited)",
				);
				GCC_WARN_64_TO_32_BIT_CONVERSION = YES;
				GCC_WARN_ABOUT_RETURN_TYPE = YES_ERROR;
				GCC_WARN_UNDECLARED_SELECTOR = YES;
				GCC_WARN_UNINITIALIZED_AUTOS = YES_AGGRESSIVE;
				GCC_WARN_UNUSED_FUNCTION = YES;
				GCC_WARN_UNUSED_VARIABLE = YES;
				IPHONEOS_DEPLOYMENT_TARGET = 12.2;
				MTL_ENABLE_DEBUG_INFO = INCLUDE_SOURCE;
				MTL_FAST_MATH = YES;
				ONLY_ACTIVE_ARCH = YES;
				SDKROOT = iphoneos;
				SWIFT_ACTIVE_COMPILATION_CONDITIONS = DEBUG;
				SWIFT_OPTIMIZATION_LEVEL = "-Onone";
			};
			name = Debug;
		};
		59BCE6E3226F55DF00011595 /* Release */ = {
			isa = XCBuildConfiguration;
			buildSettings = {
				ALWAYS_SEARCH_USER_PATHS = NO;
				CLANG_ANALYZER_NONNULL = YES;
				CLANG_ANALYZER_NUMBER_OBJECT_CONVERSION = YES_AGGRESSIVE;
				CLANG_CXX_LANGUAGE_STANDARD = "gnu++14";
				CLANG_CXX_LIBRARY = "libc++";
				CLANG_ENABLE_MODULES = YES;
				CLANG_ENABLE_OBJC_ARC = YES;
				CLANG_ENABLE_OBJC_WEAK = YES;
				CLANG_WARN_BLOCK_CAPTURE_AUTORELEASING = YES;
				CLANG_WARN_BOOL_CONVERSION = YES;
				CLANG_WARN_COMMA = YES;
				CLANG_WARN_CONSTANT_CONVERSION = YES;
				CLANG_WARN_DEPRECATED_OBJC_IMPLEMENTATIONS = YES;
				CLANG_WARN_DIRECT_OBJC_ISA_USAGE = YES_ERROR;
				CLANG_WARN_DOCUMENTATION_COMMENTS = YES;
				CLANG_WARN_EMPTY_BODY = YES;
				CLANG_WARN_ENUM_CONVERSION = YES;
				CLANG_WARN_INFINITE_RECURSION = YES;
				CLANG_WARN_INT_CONVERSION = YES;
				CLANG_WARN_NON_LITERAL_NULL_CONVERSION = YES;
				CLANG_WARN_OBJC_IMPLICIT_RETAIN_SELF = YES;
				CLANG_WARN_OBJC_LITERAL_CONVERSION = YES;
				CLANG_WARN_OBJC_ROOT_CLASS = YES_ERROR;
				CLANG_WARN_RANGE_LOOP_ANALYSIS = YES;
				CLANG_WARN_STRICT_PROTOTYPES = YES;
				CLANG_WARN_SUSPICIOUS_MOVE = YES;
				CLANG_WARN_UNGUARDED_AVAILABILITY = YES_AGGRESSIVE;
				CLANG_WARN_UNREACHABLE_CODE = YES;
				CLANG_WARN__DUPLICATE_METHOD_MATCH = YES;
				CODE_SIGN_IDENTITY = "iPhone Developer";
				COPY_PHASE_STRIP = NO;
				DEBUG_INFORMATION_FORMAT = "dwarf-with-dsym";
				ENABLE_NS_ASSERTIONS = NO;
				ENABLE_STRICT_OBJC_MSGSEND = YES;
				GCC_C_LANGUAGE_STANDARD = gnu11;
				GCC_NO_COMMON_BLOCKS = YES;
				GCC_WARN_64_TO_32_BIT_CONVERSION = YES;
				GCC_WARN_ABOUT_RETURN_TYPE = YES_ERROR;
				GCC_WARN_UNDECLARED_SELECTOR = YES;
				GCC_WARN_UNINITIALIZED_AUTOS = YES_AGGRESSIVE;
				GCC_WARN_UNUSED_FUNCTION = YES;
				GCC_WARN_UNUSED_VARIABLE = YES;
				IPHONEOS_DEPLOYMENT_TARGET = 12.2;
				MTL_ENABLE_DEBUG_INFO = NO;
				MTL_FAST_MATH = YES;
				SDKROOT = iphoneos;
				SWIFT_COMPILATION_MODE = wholemodule;
				SWIFT_OPTIMIZATION_LEVEL = "-O";
				VALIDATE_PRODUCT = YES;
			};
			name = Release;
		};
		59BCE6E5226F55DF00011595 /* Debug */ = {
			isa = XCBuildConfiguration;
			baseConfigurationReference = 7DA9AA47CC3D7155CA1DD6D6 /* Pods-RefrigeratorRecipeRx.debug.xcconfig */;
			buildSettings = {
				ASSETCATALOG_COMPILER_APPICON_NAME = AppIcon;
				CODE_SIGN_STYLE = Automatic;
				DEVELOPMENT_TEAM = VP52742XZ8;
				INFOPLIST_FILE = RefrigeratorRecipeRx/Info.plist;
				LD_RUNPATH_SEARCH_PATHS = (
					"$(inherited)",
					"@executable_path/Frameworks",
				);
				PRODUCT_BUNDLE_IDENTIFIER = "com.ike-training.RefrigeratorRecipeRx";
				PRODUCT_NAME = "$(TARGET_NAME)";
				SWIFT_VERSION = 5.0;
				TARGETED_DEVICE_FAMILY = "1,2";
			};
			name = Debug;
		};
		59BCE6E6226F55DF00011595 /* Release */ = {
			isa = XCBuildConfiguration;
			baseConfigurationReference = 1D42A9167D9D12361308AB08 /* Pods-RefrigeratorRecipeRx.release.xcconfig */;
			buildSettings = {
				ASSETCATALOG_COMPILER_APPICON_NAME = AppIcon;
				CODE_SIGN_STYLE = Automatic;
				DEVELOPMENT_TEAM = VP52742XZ8;
				INFOPLIST_FILE = RefrigeratorRecipeRx/Info.plist;
				LD_RUNPATH_SEARCH_PATHS = (
					"$(inherited)",
					"@executable_path/Frameworks",
				);
				PRODUCT_BUNDLE_IDENTIFIER = "com.ike-training.RefrigeratorRecipeRx";
				PRODUCT_NAME = "$(TARGET_NAME)";
				SWIFT_VERSION = 5.0;
				TARGETED_DEVICE_FAMILY = "1,2";
			};
			name = Release;
		};
		59BCE6E8226F55DF00011595 /* Debug */ = {
			isa = XCBuildConfiguration;
			baseConfigurationReference = 41E414C7DD6A2F3D17F9D35A /* Pods-RefrigeratorRecipeRxTests.debug.xcconfig */;
			buildSettings = {
				ALWAYS_EMBED_SWIFT_STANDARD_LIBRARIES = YES;
				BUNDLE_LOADER = "$(TEST_HOST)";
				CODE_SIGN_STYLE = Automatic;
				DEVELOPMENT_TEAM = VP52742XZ8;
				INFOPLIST_FILE = RefrigeratorRecipeRxTests/Info.plist;
				LD_RUNPATH_SEARCH_PATHS = (
					"$(inherited)",
					"@executable_path/Frameworks",
					"@loader_path/Frameworks",
				);
				PRODUCT_BUNDLE_IDENTIFIER = "com.ike-training.RefrigeratorRecipeRxTests";
				PRODUCT_NAME = "$(TARGET_NAME)";
				SWIFT_VERSION = 5.0;
				TARGETED_DEVICE_FAMILY = "1,2";
				TEST_HOST = "$(BUILT_PRODUCTS_DIR)/RefrigeratorRecipeRx.app/RefrigeratorRecipeRx";
			};
			name = Debug;
		};
		59BCE6E9226F55DF00011595 /* Release */ = {
			isa = XCBuildConfiguration;
			baseConfigurationReference = A62EBB241C8B94E4C804756F /* Pods-RefrigeratorRecipeRxTests.release.xcconfig */;
			buildSettings = {
				ALWAYS_EMBED_SWIFT_STANDARD_LIBRARIES = YES;
				BUNDLE_LOADER = "$(TEST_HOST)";
				CODE_SIGN_STYLE = Automatic;
				DEVELOPMENT_TEAM = VP52742XZ8;
				INFOPLIST_FILE = RefrigeratorRecipeRxTests/Info.plist;
				LD_RUNPATH_SEARCH_PATHS = (
					"$(inherited)",
					"@executable_path/Frameworks",
					"@loader_path/Frameworks",
				);
				PRODUCT_BUNDLE_IDENTIFIER = "com.ike-training.RefrigeratorRecipeRxTests";
				PRODUCT_NAME = "$(TARGET_NAME)";
				SWIFT_VERSION = 5.0;
				TARGETED_DEVICE_FAMILY = "1,2";
				TEST_HOST = "$(BUILT_PRODUCTS_DIR)/RefrigeratorRecipeRx.app/RefrigeratorRecipeRx";
			};
			name = Release;
		};
/* End XCBuildConfiguration section */

/* Begin XCConfigurationList section */
		59BCE6C2226F55DE00011595 /* Build configuration list for PBXProject "RefrigeratorRecipeRx" */ = {
			isa = XCConfigurationList;
			buildConfigurations = (
				59BCE6E2226F55DF00011595 /* Debug */,
				59BCE6E3226F55DF00011595 /* Release */,
			);
			defaultConfigurationIsVisible = 0;
			defaultConfigurationName = Release;
		};
		59BCE6E4226F55DF00011595 /* Build configuration list for PBXNativeTarget "RefrigeratorRecipeRx" */ = {
			isa = XCConfigurationList;
			buildConfigurations = (
				59BCE6E5226F55DF00011595 /* Debug */,
				59BCE6E6226F55DF00011595 /* Release */,
			);
			defaultConfigurationIsVisible = 0;
			defaultConfigurationName = Release;
		};
		59BCE6E7226F55DF00011595 /* Build configuration list for PBXNativeTarget "RefrigeratorRecipeRxTests" */ = {
			isa = XCConfigurationList;
			buildConfigurations = (
				59BCE6E8226F55DF00011595 /* Debug */,
				59BCE6E9226F55DF00011595 /* Release */,
			);
			defaultConfigurationIsVisible = 0;
			defaultConfigurationName = Release;
		};
/* End XCConfigurationList section */
	};
	rootObject = 59BCE6BF226F55DE00011595 /* Project object */;
}
